{
  "nodes": {
    "catppuccin": {
      "inputs": {
        "nixpkgs": "nixpkgs"
      },
      "locked": {
        "lastModified": 1768575137,
        "narHash": "sha256-e0SsKnkSnq+UwZNS9ZyPJjTjabzq9TRc1hqeDnvOF1Q=",
        "owner": "catppuccin",
        "repo": "nix",
        "rev": "48e67b4ad22072f1ae30b0ed8e1cb020cf06c611",
        "type": "github"
      },
      "original": {
        "owner": "catppuccin",
        "repo": "nix",
        "type": "github"
      }
    },
    "flake-parts": {
      "inputs": {
        "nixpkgs-lib": "nixpkgs-lib"
      },
      "locked": {
        "lastModified": 1749398372,
        "narHash": "sha256-tYBdgS56eXYaWVW3fsnPQ/nFlgWi/Z2Ymhyu21zVM98=",
        "owner": "hercules-ci",
        "repo": "flake-parts",
        "rev": "9305fe4e5c2a6fcf5ba6a3ff155720fbe4076569",
        "type": "github"
      },
      "original": {
        "owner": "hercules-ci",
        "repo": "flake-parts",
        "type": "github"
      }
    },
    "home-manager": {
      "inputs": {
        "nixpkgs": [
          "nixpkgs"
        ]
      },
      "locked": {
        "lastModified": 1768598210,
        "narHash": "sha256-kkgA32s/f4jaa4UG+2f8C225Qvclxnqs76mf8zvTVPg=",
        "owner": "nix-community",
        "repo": "home-manager",
        "rev": "c47b2cc64a629f8e075de52e4742de688f930dc6",
        "type": "github"
      },
      "original": {
        "owner": "nix-community",
        "repo": "home-manager",
        "type": "github"
      }
    },
    "home-manager_2": {
      "inputs": {
        "nixpkgs": [
          "zen-browser",
          "nixpkgs"
        ]
      },
      "locked": {
        "lastModified": 1767104570,
        "narHash": "sha256-GKgwu5//R+cLdKysZjGqvUEEOGXXLdt93sNXeb2M/Lk=",
        "owner": "nix-community",
        "repo": "home-manager",
        "rev": "e4e78a2cbeaddd07ab7238971b16468cc1d14daf",
        "type": "github"
      },
      "original": {
        "owner": "nix-community",
        "repo": "home-manager",
        "type": "github"
      }
    },
    "mango": {
      "inputs": {
        "flake-parts": "flake-parts",
        "nixpkgs": [
          "nixpkgs"
        ],
        "scenefx": "scenefx"
      },
      "locked": {
        "lastModified": 1768454134,
        "narHash": "sha256-13iPvN4qhqvsEjOWPFmUFESSHi7nqQ0tjbBYEHlsflc=",
        "owner": "DreamMaoMao",
        "repo": "mangowc",
        "rev": "bc1f310e1cab1b514d509833254c520b91e87a60",
        "type": "github"
      },
      "original": {
        "owner": "DreamMaoMao",
        "repo": "mangowc",
        "type": "github"
      }
    },
    "nixpkgs": {
      "locked": {
        "lastModified": 1768305791,
        "narHash": "sha256-AIdl6WAn9aymeaH/NvBj0H9qM+XuAuYbGMZaP0zcXAQ=",
        "owner": "NixOS",
        "repo": "nixpkgs",
        "rev": "1412caf7bf9e660f2f962917c14b1ea1c3bc695e",
        "type": "github"
      },
      "original": {
        "owner": "NixOS",
        "ref": "nixos-unstable",
        "repo": "nixpkgs",
        "type": "github"
      }
    },
    "nixpkgs-lib": {
      "locked": {
        "lastModified": 1748740939,
        "narHash": "sha256-rQaysilft1aVMwF14xIdGS3sj1yHlI6oKQNBRTF40cc=",
        "owner": "nix-community",
        "repo": "nixpkgs.lib",
        "rev": "656a64127e9d791a334452c6b6606d17539476e2",
        "type": "github"
      },
      "original": {
        "owner": "nix-community",
        "repo": "nixpkgs.lib",
        "type": "github"
      }
    },
    "nixpkgs_2": {
      "locked": {
        "lastModified": 1768564909,
        "narHash": "sha256-Kell/SpJYVkHWMvnhqJz/8DqQg2b6PguxVWOuadbHCc=",
        "owner": "NixOS",
        "repo": "nixpkgs",
        "rev": "e4bae1bd10c9c57b2cf517953ab70060a828ee6f",
        "type": "github"
      },
      "original": {
        "owner": "NixOS",
        "ref": "nixos-unstable",
        "repo": "nixpkgs",
        "type": "github"
      }
    },
    "nixpkgs_3": {
      "locked": {
        "lastModified": 1768032153,
        "narHash": "sha256-6kD1MdY9fsE6FgSwdnx29hdH2UcBKs3/+JJleMShuJg=",
        "owner": "NixOS",
        "repo": "nixpkgs",
        "rev": "3146c6aa9995e7351a398e17470e15305e6e18ff",
        "type": "github"
      },
      "original": {
        "owner": "NixOS",
        "ref": "nixpkgs-unstable",
        "repo": "nixpkgs",
        "type": "github"
      }
    },
    "noctalia": {
      "inputs": {
        "nixpkgs": [
          "nixpkgs"
        ]
      },
      "locked": {
        "lastModified": 1770991517,
        "narHash": "sha256-7CVsb9eif+P0v3hMXs1nZhGD2NsnFkFrAOFWXDNwgbk=",
        "owner": "noctalia-dev",
        "repo": "noctalia-shell",
        "rev": "ba5c7d88c0bfa12f5600781a33203e2a8c66a4ec",
        "type": "github"
      },
      "original": {
        "owner": "noctalia-dev",
        "repo": "noctalia-shell",
        "type": "github"
      }
    },
    "nvim-flake": {
      "inputs": {
        "nixpkgs": [
          "nixpkgs"
        ],
        "plugins-cmp-luasnip": "plugins-cmp-luasnip",
        "plugins-lunar": "plugins-lunar",
        "plugins-lze": "plugins-lze",
        "plugins-lzextras": "plugins-lzextras",
        "plugins-nvim-possession": "plugins-nvim-possession",
        "plugins-oil-nvim": "plugins-oil-nvim",
        "plugins-ripgrep": "plugins-ripgrep",
        "wrappers": "wrappers"
      },
      "locked": {
        "lastModified": 1772735151,
        "narHash": "sha256-zEJU1+auhlhJ/6TjfX+kfybfXrf30OchJvn3nT5B4yI=",
        "path": "/etc/nixos/configs/nvim/",
        "type": "path"
      },
      "original": {
        "path": "/etc/nixos/configs/nvim/",
        "type": "path"
      }
    },
    "plugins-cmp-luasnip": {
      "flake": false,
      "locked": {
        "lastModified": 1730707109,
        "narHash": "sha256-86lKQPPyqFz8jzuLajjHMKHrYnwW6+QOcPyQEx6B+gw=",
        "owner": "saadparwaiz1",
        "repo": "cmp_luasnip",
        "rev": "98d9cb5c2c38532bd9bdb481067b20fea8f32e90",
        "type": "github"
      },
      "original": {
        "owner": "saadparwaiz1",
        "repo": "cmp_luasnip",
        "type": "github"
      }
    },
    "plugins-lunar": {
      "flake": false,
      "locked": {
        "lastModified": 1680373478,
        "narHash": "sha256-OBhADgq3MLUu+n0fvxGMM0s7CCZyQVghFMpA6ns7SNk=",
        "owner": "LunarVim",
        "repo": "lunar.nvim",
        "rev": "08bbc93b96ad698d22fc2aa01805786bcedc34b9",
        "type": "github"
      },
      "original": {
        "owner": "LunarVim",
        "repo": "lunar.nvim",
        "type": "github"
      }
    },
    "plugins-lze": {
      "flake": false,
      "locked": {
        "lastModified": 1771977048,
        "narHash": "sha256-/mgHU8TEWRMbKYf5xw4XRieOOZpPpY+DtMcC6ti08Ao=",
        "owner": "BirdeeHub",
        "repo": "lze",
        "rev": "e1b8c2e99fc1812fb79d309d2aad95fcdf0e01a5",
        "type": "github"
      },
      "original": {
        "owner": "BirdeeHub",
        "repo": "lze",
        "type": "github"
      }
    },
    "plugins-lzextras": {
      "flake": false,
      "locked": {
        "lastModified": 1771977030,
        "narHash": "sha256-aSQPc1i9S4/flg4HF7vjYD8apiLnUjhRekH8lNVkXig=",
        "owner": "BirdeeHub",
        "repo": "lzextras",
        "rev": "4c1a9f9a95d5f38335788803b4f5ee7b831b3a8e",
        "type": "github"
      },
      "original": {
        "owner": "BirdeeHub",
        "repo": "lzextras",
        "type": "github"
      }
    },
    "plugins-nvim-possession": {
      "flake": false,
      "locked": {
        "lastModified": 1757265155,
        "narHash": "sha256-zQb1YXuTocwylcHuxcjragWTIvmXf4X8iFhbF0sxZMM=",
        "owner": "gennaro-tedesco",
        "repo": "nvim-possession",
        "rev": "fa1a37ffcba9e8d708192ebb4b031b53679f0246",
        "type": "github"
      },
      "original": {
        "owner": "gennaro-tedesco",
        "repo": "nvim-possession",
        "type": "github"
      }
    },
    "plugins-oil-nvim": {
      "flake": false,
      "locked": {
        "lastModified": 1771914681,
        "narHash": "sha256-hoTQoNEsCbZ0aZMUUUvgkC9NYjovjUUirw2FN9b9dn0=",
        "owner": "stevearc",
        "repo": "oil.nvim",
        "rev": "0fcc83805ad11cf714a949c98c605ed717e0b83e",
        "type": "github"
      },
      "original": {
        "owner": "stevearc",
        "repo": "oil.nvim",
        "type": "github"
      }
    },
    "plugins-ripgrep": {
      "flake": false,
      "locked": {
        "lastModified": 1772209519,
        "narHash": "sha256-sU3qM0qgiEPdBSOVXp/5Nt0m8g8xthuvYO+EPAm/MLQ=",
        "owner": "BurntSushi",
        "repo": "ripgrep",
        "rev": "4519153e5e461527f4bca45b042fff45c4ec6fb9",
        "type": "github"
      },
      "original": {
        "owner": "BurntSushi",
        "repo": "ripgrep",
        "type": "github"
      }
    },
    "root": {
      "inputs": {
        "catppuccin": "catppuccin",
        "home-manager": "home-manager",
        "mango": "mango",
        "nixpkgs": "nixpkgs_2",
        "noctalia": "noctalia",
        "nvim-flake": "nvim-flake",
        "sops-nix": "sops-nix",
        "zen-browser": "zen-browser"
      }
    },
    "scenefx": {
      "inputs": {
        "nixpkgs": [
          "mango",
          "nixpkgs"
        ]
      },
      "locked": {
        "lastModified": 1750785057,
        "narHash": "sha256-tGX6j4W91rcb+glXJo43sjPI9zQvPotonknG1BdihR4=",
        "owner": "wlrfx",
        "repo": "scenefx",
        "rev": "3a6cfb12e4ba97b43326357d14f7b3e40897adfc",
        "type": "github"
      },
      "original": {
        "owner": "wlrfx",
        "repo": "scenefx",
        "type": "github"
      }
    },
    "sops-nix": {
      "inputs": {
        "nixpkgs": "nixpkgs_3"
      },
      "locked": {
        "lastModified": 1768481291,
        "narHash": "sha256-NjKtkJraCZEnLHAJxLTI+BfdU//9coAz9p5TqveZwPU=",
        "owner": "Mic92",
        "repo": "sops-nix",
        "rev": "e085e303dfcce21adcb5fec535d65aacb066f101",
        "type": "github"
      },
      "original": {
        "owner": "Mic92",
        "repo": "sops-nix",
        "type": "github"
      }
    },
    "wrappers": {
      "inputs": {
        "nixpkgs": [
          "nvim-flake",
          "nixpkgs"
        ]
      },
      "locked": {
        "lastModified": 1771743990,
        "narHash": "sha256-KNTuqLytdRE0MVhM1hd3IJTlcOG6In/6klbiEDWYOaA=",
        "owner": "BirdeeHub",
        "repo": "nix-wrapper-modules",
        "rev": "0ea455457dac3de9129498f5c50a35153ab56484",
        "type": "github"
      },
      "original": {
        "owner": "BirdeeHub",
        "repo": "nix-wrapper-modules",
        "type": "github"
      }
    },
    "zen-browser": {
      "inputs": {
        "home-manager": "home-manager_2",
        "nixpkgs": [
          "nixpkgs"
        ]
      },
      "locked": {
        "lastModified": 1768379550,
        "narHash": "sha256-z94S29l5V86h11LZbPIMbHTJyksDG63aqISsZkTTuJY=",
        "owner": "0xc000022070",
        "repo": "zen-browser-flake",
        "rev": "06f61b4e4f4f6ba8027c96a5611c63dc0db12b90",
        "type": "github"
      },
      "original": {
        "owner": "0xc000022070",
        "repo": "zen-browser-flake",
        "type": "github"
      }
    }
  },
  "root": "root",
  "version": 7
}
